
Microsoft Visual Studio Solution File, Format Version 12.00
# Visual Studio 14
VisualStudioVersion = 14.0.25420.1
MinimumVisualStudioVersion = 10.0.40219.1
Project("{2150E333-8FDC-42A3-9474-1A3956D46DE8}") = "src", "src", "{37F73502-40DA-41BB-9941-161A8F584FEC}"
EndProject
Project("{2150E333-8FDC-42A3-9474-1A3956D46DE8}") = "Solution Items", "Solution Items", "{F4F675BC-16F0-4C18-BD41-959315C79217}"
	ProjectSection(SolutionItems) = preProject
		global.json = global.json
	EndProjectSection
EndProject
Project("{8BB2217D-0F2D-49D1-97BC-3654ED321F3B}") = "learnCoreMoltiThread", "src\learnCoreMoltiThread\learnCoreMoltiThread.xproj", "{425F331A-80B4-489A-809F-EA72E69D0EA4}"
EndProject
Project("{8BB2217D-0F2D-49D1-97BC-3654ED321F3B}") = "WorkerProcesser", "src\WorkerProcesser\WorkerProcesser.xproj", "{123EFAB2-55D5-40B9-9C6B-EBF23BCD390F}"
EndProject
Project("{8BB2217D-0F2D-49D1-97BC-3654ED321F3B}") = "WorkerServer", "src\WorkerServer\WorkerServer.xproj", "{CF060DA8-34A9-4A4A-AEAA-64CB2BFDAE8A}"
EndProject
Project("{8BB2217D-0F2D-49D1-97BC-3654ED321F3B}") = "Core", "src\Core\Core.xproj", "{3121C481-7B54-4AD8-ABEF-25A7E7C21614}"
EndProject
Project("{8BB2217D-0F2D-49D1-97BC-3654ED321F3B}") = "Stage", "src\Stage\Stage.xproj", "{7ADDCBD9-D0D2-4756-89AC-16421E00D6BB}"
EndProject
Project("{8BB2217D-0F2D-49D1-97BC-3654ED321F3B}") = "StageServer", "src\StageServer\StageServer.xproj", "{6B612CAB-3AC0-44EB-815B-3164B93DA273}"
EndProject
Project("{8BB2217D-0F2D-49D1-97BC-3654ED321F3B}") = "Common", "src\Common\Common.xproj", "{4C4F14F5-B04D-4242-BFE9-90A54144F453}"
EndProject
Project("{8BB2217D-0F2D-49D1-97BC-3654ED321F3B}") = "Logic", "src\Logic\Logic.xproj", "{3CA31E70-27C1-466A-9C99-0B9AA99463CE}"
EndProject
Project("{8BB2217D-0F2D-49D1-97BC-3654ED321F3B}") = "PlayerServer", "src\PlayerServer\PlayerServer.xproj", "{07AE792B-17A7-4F47-930D-64FC0ED31AA4}"
EndProject
Project("{8BB2217D-0F2D-49D1-97BC-3654ED321F3B}") = "PlayerBehaviourServer", "src\PlayerBehaviourServer\PlayerBehaviourServer.xproj", "{D487153D-C36A-4694-B12D-88D95983A464}"
EndProject
Project("{8BB2217D-0F2D-49D1-97BC-3654ED321F3B}") = "HubServer", "src\HubServer\HubServer.xproj", "{0BE40606-D406-40C0-B0CF-DCEEBD5C2480}"
EndProject
Project("{8BB2217D-0F2D-49D1-97BC-3654ED321F3B}") = "SkillServer", "src\SkillServer\SkillServer.xproj", "{7ACB0386-EE1E-4CFB-BEEF-05C17B2A25BD}"
EndProject
Project("{8BB2217D-0F2D-49D1-97BC-3654ED321F3B}") = "MonsterServer", "src\MonsterServer\MonsterServer.xproj", "{D470D006-D76F-4214-B8E1-39EC88819967}"
EndProject
Project("{8BB2217D-0F2D-49D1-97BC-3654ED321F3B}") = "SpriteModule", "src\SpriteModule\SpriteModule.xproj", "{181E5169-E90A-40B1-BA3C-F7DC87BBB02F}"
EndProject
Project("{8BB2217D-0F2D-49D1-97BC-3654ED321F3B}") = "Monster", "src\Monster\Monster.xproj", "{3209BD1A-D9D5-4DB7-8C43-3001069552C4}"
EndProject
Project("{8BB2217D-0F2D-49D1-97BC-3654ED321F3B}") = "Worker", "src\Worker\Worker.xproj", "{77EB66EC-52C5-4BF2-A8C5-D2041136E44F}"
EndProject
Global
	GlobalSection(SolutionConfigurationPlatforms) = preSolution
		Debug|Any CPU = Debug|Any CPU
		Release|Any CPU = Release|Any CPU
	EndGlobalSection
	GlobalSection(ProjectConfigurationPlatforms) = postSolution
		{425F331A-80B4-489A-809F-EA72E69D0EA4}.Debug|Any CPU.ActiveCfg = Debug|Any CPU
		{425F331A-80B4-489A-809F-EA72E69D0EA4}.Debug|Any CPU.Build.0 = Debug|Any CPU
		{425F331A-80B4-489A-809F-EA72E69D0EA4}.Release|Any CPU.ActiveCfg = Release|Any CPU
		{425F331A-80B4-489A-809F-EA72E69D0EA4}.Release|Any CPU.Build.0 = Release|Any CPU
		{123EFAB2-55D5-40B9-9C6B-EBF23BCD390F}.Debug|Any CPU.ActiveCfg = Debug|Any CPU
		{123EFAB2-55D5-40B9-9C6B-EBF23BCD390F}.Debug|Any CPU.Build.0 = Debug|Any CPU
		{123EFAB2-55D5-40B9-9C6B-EBF23BCD390F}.Release|Any CPU.ActiveCfg = Release|Any CPU
		{123EFAB2-55D5-40B9-9C6B-EBF23BCD390F}.Release|Any CPU.Build.0 = Release|Any CPU
		{CF060DA8-34A9-4A4A-AEAA-64CB2BFDAE8A}.Debug|Any CPU.ActiveCfg = Debug|Any CPU
		{CF060DA8-34A9-4A4A-AEAA-64CB2BFDAE8A}.Debug|Any CPU.Build.0 = Debug|Any CPU
		{CF060DA8-34A9-4A4A-AEAA-64CB2BFDAE8A}.Release|Any CPU.ActiveCfg = Release|Any CPU
		{CF060DA8-34A9-4A4A-AEAA-64CB2BFDAE8A}.Release|Any CPU.Build.0 = Release|Any CPU
		{3121C481-7B54-4AD8-ABEF-25A7E7C21614}.Debug|Any CPU.ActiveCfg = Debug|Any CPU
		{3121C481-7B54-4AD8-ABEF-25A7E7C21614}.Debug|Any CPU.Build.0 = Debug|Any CPU
		{3121C481-7B54-4AD8-ABEF-25A7E7C21614}.Release|Any CPU.ActiveCfg = Release|Any CPU
		{3121C481-7B54-4AD8-ABEF-25A7E7C21614}.Release|Any CPU.Build.0 = Release|Any CPU
		{7ADDCBD9-D0D2-4756-89AC-16421E00D6BB}.Debug|Any CPU.ActiveCfg = Debug|Any CPU
		{7ADDCBD9-D0D2-4756-89AC-16421E00D6BB}.Debug|Any CPU.Build.0 = Debug|Any CPU
		{7ADDCBD9-D0D2-4756-89AC-16421E00D6BB}.Release|Any CPU.ActiveCfg = Release|Any CPU
		{7ADDCBD9-D0D2-4756-89AC-16421E00D6BB}.Release|Any CPU.Build.0 = Release|Any CPU
		{6B612CAB-3AC0-44EB-815B-3164B93DA273}.Debug|Any CPU.ActiveCfg = Debug|Any CPU
		{6B612CAB-3AC0-44EB-815B-3164B93DA273}.Debug|Any CPU.Build.0 = Debug|Any CPU
		{6B612CAB-3AC0-44EB-815B-3164B93DA273}.Release|Any CPU.ActiveCfg = Release|Any CPU
		{6B612CAB-3AC0-44EB-815B-3164B93DA273}.Release|Any CPU.Build.0 = Release|Any CPU
		{4C4F14F5-B04D-4242-BFE9-90A54144F453}.Debug|Any CPU.ActiveCfg = Debug|Any CPU
		{4C4F14F5-B04D-4242-BFE9-90A54144F453}.Debug|Any CPU.Build.0 = Debug|Any CPU
		{4C4F14F5-B04D-4242-BFE9-90A54144F453}.Release|Any CPU.ActiveCfg = Release|Any CPU
		{4C4F14F5-B04D-4242-BFE9-90A54144F453}.Release|Any CPU.Build.0 = Release|Any CPU
		{3CA31E70-27C1-466A-9C99-0B9AA99463CE}.Debug|Any CPU.ActiveCfg = Debug|Any CPU
		{3CA31E70-27C1-466A-9C99-0B9AA99463CE}.Debug|Any CPU.Build.0 = Debug|Any CPU
		{3CA31E70-27C1-466A-9C99-0B9AA99463CE}.Release|Any CPU.ActiveCfg = Release|Any CPU
		{3CA31E70-27C1-466A-9C99-0B9AA99463CE}.Release|Any CPU.Build.0 = Release|Any CPU
		{07AE792B-17A7-4F47-930D-64FC0ED31AA4}.Debug|Any CPU.ActiveCfg = Debug|Any CPU
		{07AE792B-17A7-4F47-930D-64FC0ED31AA4}.Debug|Any CPU.Build.0 = Debug|Any CPU
		{07AE792B-17A7-4F47-930D-64FC0ED31AA4}.Release|Any CPU.ActiveCfg = Release|Any CPU
		{07AE792B-17A7-4F47-930D-64FC0ED31AA4}.Release|Any CPU.Build.0 = Release|Any CPU
		{D487153D-C36A-4694-B12D-88D95983A464}.Debug|Any CPU.ActiveCfg = Debug|Any CPU
		{D487153D-C36A-4694-B12D-88D95983A464}.Debug|Any CPU.Build.0 = Debug|Any CPU
		{D487153D-C36A-4694-B12D-88D95983A464}.Release|Any CPU.ActiveCfg = Release|Any CPU
		{D487153D-C36A-4694-B12D-88D95983A464}.Release|Any CPU.Build.0 = Release|Any CPU
		{0BE40606-D406-40C0-B0CF-DCEEBD5C2480}.Debug|Any CPU.ActiveCfg = Debug|Any CPU
		{0BE40606-D406-40C0-B0CF-DCEEBD5C2480}.Debug|Any CPU.Build.0 = Debug|Any CPU
		{0BE40606-D406-40C0-B0CF-DCEEBD5C2480}.Release|Any CPU.ActiveCfg = Release|Any CPU
		{0BE40606-D406-40C0-B0CF-DCEEBD5C2480}.Release|Any CPU.Build.0 = Release|Any CPU
		{7ACB0386-EE1E-4CFB-BEEF-05C17B2A25BD}.Debug|Any CPU.ActiveCfg = Debug|Any CPU
		{7ACB0386-EE1E-4CFB-BEEF-05C17B2A25BD}.Debug|Any CPU.Build.0 = Debug|Any CPU
		{7ACB0386-EE1E-4CFB-BEEF-05C17B2A25BD}.Release|Any CPU.ActiveCfg = Release|Any CPU
		{7ACB0386-EE1E-4CFB-BEEF-05C17B2A25BD}.Release|Any CPU.Build.0 = Release|Any CPU
		{D470D006-D76F-4214-B8E1-39EC88819967}.Debug|Any CPU.ActiveCfg = Debug|Any CPU
		{D470D006-D76F-4214-B8E1-39EC88819967}.Debug|Any CPU.Build.0 = Debug|Any CPU
		{D470D006-D76F-4214-B8E1-39EC88819967}.Release|Any CPU.ActiveCfg = Release|Any CPU
		{D470D006-D76F-4214-B8E1-39EC88819967}.Release|Any CPU.Build.0 = Release|Any CPU
		{181E5169-E90A-40B1-BA3C-F7DC87BBB02F}.Debug|Any CPU.ActiveCfg = Debug|Any CPU
		{181E5169-E90A-40B1-BA3C-F7DC87BBB02F}.Debug|Any CPU.Build.0 = Debug|Any CPU
		{181E5169-E90A-40B1-BA3C-F7DC87BBB02F}.Release|Any CPU.ActiveCfg = Release|Any CPU
		{181E5169-E90A-40B1-BA3C-F7DC87BBB02F}.Release|Any CPU.Build.0 = Release|Any CPU
		{3209BD1A-D9D5-4DB7-8C43-3001069552C4}.Debug|Any CPU.ActiveCfg = Debug|Any CPU
		{3209BD1A-D9D5-4DB7-8C43-3001069552C4}.Debug|Any CPU.Build.0 = Debug|Any CPU
		{3209BD1A-D9D5-4DB7-8C43-3001069552C4}.Release|Any CPU.ActiveCfg = Release|Any CPU
		{3209BD1A-D9D5-4DB7-8C43-3001069552C4}.Release|Any CPU.Build.0 = Release|Any CPU
		{77EB66EC-52C5-4BF2-A8C5-D2041136E44F}.Debug|Any CPU.ActiveCfg = Debug|Any CPU
		{77EB66EC-52C5-4BF2-A8C5-D2041136E44F}.Debug|Any CPU.Build.0 = Debug|Any CPU
		{77EB66EC-52C5-4BF2-A8C5-D2041136E44F}.Release|Any CPU.ActiveCfg = Release|Any CPU
		{77EB66EC-52C5-4BF2-A8C5-D2041136E44F}.Release|Any CPU.Build.0 = Release|Any CPU
	EndGlobalSection
	GlobalSection(SolutionProperties) = preSolution
		HideSolutionNode = FALSE
	EndGlobalSection
	GlobalSection(NestedProjects) = preSolution
		{425F331A-80B4-489A-809F-EA72E69D0EA4} = {37F73502-40DA-41BB-9941-161A8F584FEC}
		{123EFAB2-55D5-40B9-9C6B-EBF23BCD390F} = {37F73502-40DA-41BB-9941-161A8F584FEC}
		{CF060DA8-34A9-4A4A-AEAA-64CB2BFDAE8A} = {37F73502-40DA-41BB-9941-161A8F584FEC}
		{3121C481-7B54-4AD8-ABEF-25A7E7C21614} = {37F73502-40DA-41BB-9941-161A8F584FEC}
		{7ADDCBD9-D0D2-4756-89AC-16421E00D6BB} = {37F73502-40DA-41BB-9941-161A8F584FEC}
		{6B612CAB-3AC0-44EB-815B-3164B93DA273} = {37F73502-40DA-41BB-9941-161A8F584FEC}
		{4C4F14F5-B04D-4242-BFE9-90A54144F453} = {37F73502-40DA-41BB-9941-161A8F584FEC}
		{3CA31E70-27C1-466A-9C99-0B9AA99463CE} = {37F73502-40DA-41BB-9941-161A8F584FEC}
		{07AE792B-17A7-4F47-930D-64FC0ED31AA4} = {37F73502-40DA-41BB-9941-161A8F584FEC}
		{D487153D-C36A-4694-B12D-88D95983A464} = {37F73502-40DA-41BB-9941-161A8F584FEC}
		{0BE40606-D406-40C0-B0CF-DCEEBD5C2480} = {37F73502-40DA-41BB-9941-161A8F584FEC}
		{7ACB0386-EE1E-4CFB-BEEF-05C17B2A25BD} = {37F73502-40DA-41BB-9941-161A8F584FEC}
		{D470D006-D76F-4214-B8E1-39EC88819967} = {37F73502-40DA-41BB-9941-161A8F584FEC}
		{181E5169-E90A-40B1-BA3C-F7DC87BBB02F} = {37F73502-40DA-41BB-9941-161A8F584FEC}
		{3209BD1A-D9D5-4DB7-8C43-3001069552C4} = {37F73502-40DA-41BB-9941-161A8F584FEC}
		{77EB66EC-52C5-4BF2-A8C5-D2041136E44F} = {37F73502-40DA-41BB-9941-161A8F584FEC}
	EndGlobalSection
EndGlobal
